
Microsoft Visual Studio Solution File, Format Version 12.00
# Visual Studio 15
VisualStudioVersion = 15.0.27703.2000
MinimumVisualStudioVersion = 10.0.40219.1
Project("{FAE04EC0-301F-11D3-BF4B-00C04F79EFBC}") = "Firewood_Project", "Firewood_Project\Firewood_Project.csproj", "{8EA77427-A687-412C-BD80-857D0343B979}"
EndProject
Global
	GlobalSection(SolutionConfigurationPlatforms) = preSolution
		Debug|Any CPU = Debug|Any CPU
		Release|Any CPU = Release|Any CPU
	EndGlobalSection
	GlobalSection(ProjectConfigurationPlatforms) = postSolution
		{8EA77427-A687-412C-BD80-857D0343B979}.Debug|Any CPU.ActiveCfg = Debug|Any CPU
		{8EA77427-A687-412C-BD80-857D0343B979}.Debug|Any CPU.Build.0 = Debug|Any CPU
		{8EA77427-A687-412C-BD80-857D0343B979}.Release|Any CPU.ActiveCfg = Release|Any CPU
		{8EA77427-A687-412C-BD80-857D0343B979}.Release|Any CPU.Build.0 = Release|Any CPU
	EndGlobalSection
	GlobalSection(SolutionProperties) = preSolution
		HideSolutionNode = FALSE
	EndGlobalSection
	GlobalSection(ExtensibilityGlobals) = postSolution
		SolutionGuid = {B24E4687-BE43-4700-84CA-5AFCAF8F2E3D}
	EndGlobalSection
EndGlobal
